
Microsoft Visual Studio Solution File, Format Version 12.00
# Visual Studio Version 17
VisualStudioVersion = 17.1.32421.90
MinimumVisualStudioVersion = 10.0.40219.1
Project("{9A19103F-16F7-4668-BE54-9A1E7A4F7556}") = "BlazorEcommerce.Server", "BlazorEcommerce\Server\BlazorEcommerce.Server.csproj", "{30507B0F-03A9-449F-8103-4D40FE03864A}"
EndProject
Project("{9A19103F-16F7-4668-BE54-9A1E7A4F7556}") = "BlazorEcommerce.Client", "BlazorEcommerce\Client\BlazorEcommerce.Client.csproj", "{C08A8F59-C29D-450D-AA2A-194D3DBE64C7}"
EndProject
Project("{9A19103F-16F7-4668-BE54-9A1E7A4F7556}") = "BlazorEcommerce.Shared", "BlazorEcommerce\Shared\BlazorEcommerce.Shared.csproj", "{0B3C8941-B967-4ED9-BEDF-1BECA42822E1}"
EndProject
Global
	GlobalSection(SolutionConfigurationPlatforms) = preSolution
		Debug|Any CPU = Debug|Any CPU
		Release|Any CPU = Release|Any CPU
	EndGlobalSection
	GlobalSection(ProjectConfigurationPlatforms) = postSolution
		{30507B0F-03A9-449F-8103-4D40FE03864A}.Debug|Any CPU.ActiveCfg = Debug|Any CPU
		{30507B0F-03A9-449F-8103-4D40FE03864A}.Debug|Any CPU.Build.0 = Debug|Any CPU
		{30507B0F-03A9-449F-8103-4D40FE03864A}.Release|Any CPU.ActiveCfg = Release|Any CPU
		{30507B0F-03A9-449F-8103-4D40FE03864A}.Release|Any CPU.Build.0 = Release|Any CPU
		{C08A8F59-C29D-450D-AA2A-194D3DBE64C7}.Debug|Any CPU.ActiveCfg = Debug|Any CPU
		{C08A8F59-C29D-450D-AA2A-194D3DBE64C7}.Debug|Any CPU.Build.0 = Debug|Any CPU
		{C08A8F59-C29D-450D-AA2A-194D3DBE64C7}.Release|Any CPU.ActiveCfg = Release|Any CPU
		{C08A8F59-C29D-450D-AA2A-194D3DBE64C7}.Release|Any CPU.Build.0 = Release|Any CPU
		{0B3C8941-B967-4ED9-BEDF-1BECA42822E1}.Debug|Any CPU.ActiveCfg = Debug|Any CPU
		{0B3C8941-B967-4ED9-BEDF-1BECA42822E1}.Debug|Any CPU.Build.0 = Debug|Any CPU
		{0B3C8941-B967-4ED9-BEDF-1BECA42822E1}.Release|Any CPU.ActiveCfg = Release|Any CPU
		{0B3C8941-B967-4ED9-BEDF-1BECA42822E1}.Release|Any CPU.Build.0 = Release|Any CPU
	EndGlobalSection
	GlobalSection(SolutionProperties) = preSolution
		HideSolutionNode = FALSE
	EndGlobalSection
	GlobalSection(ExtensibilityGlobals) = postSolution
		SolutionGuid = {CE69B0EA-2286-472E-9B00-6BA55F6AA83F}
	EndGlobalSection
EndGlobal
