
Microsoft Visual Studio Solution File, Format Version 12.00
# Visual Studio Version 16
VisualStudioVersion = 16.0.32602.291
MinimumVisualStudioVersion = 10.0.40219.1
Project("{FAE04EC0-301F-11D3-BF4B-00C04F79EFBC}") = "blazor-ecommerce.Server", "blazor-ecommerce\Server\blazor-ecommerce.Server.csproj", "{837F8A5A-1231-40B9-AC60-A6516BB1CF6C}"
EndProject
Project("{FAE04EC0-301F-11D3-BF4B-00C04F79EFBC}") = "blazor-ecommerce.Client", "blazor-ecommerce\Client\blazor-ecommerce.Client.csproj", "{E9A57AE0-D365-4B0D-AB98-CD18B2942A0A}"
EndProject
Project("{FAE04EC0-301F-11D3-BF4B-00C04F79EFBC}") = "blazor-ecommerce.Shared", "blazor-ecommerce\Shared\blazor-ecommerce.Shared.csproj", "{D83D7DA6-01C9-4789-AD7B-7C53C88616FE}"
EndProject
Global
	GlobalSection(SolutionConfigurationPlatforms) = preSolution
		Debug|Any CPU = Debug|Any CPU
		Release|Any CPU = Release|Any CPU
	EndGlobalSection
	GlobalSection(ProjectConfigurationPlatforms) = postSolution
		{837F8A5A-1231-40B9-AC60-A6516BB1CF6C}.Debug|Any CPU.ActiveCfg = Debug|Any CPU
		{837F8A5A-1231-40B9-AC60-A6516BB1CF6C}.Debug|Any CPU.Build.0 = Debug|Any CPU
		{837F8A5A-1231-40B9-AC60-A6516BB1CF6C}.Release|Any CPU.ActiveCfg = Release|Any CPU
		{837F8A5A-1231-40B9-AC60-A6516BB1CF6C}.Release|Any CPU.Build.0 = Release|Any CPU
		{E9A57AE0-D365-4B0D-AB98-CD18B2942A0A}.Debug|Any CPU.ActiveCfg = Debug|Any CPU
		{E9A57AE0-D365-4B0D-AB98-CD18B2942A0A}.Debug|Any CPU.Build.0 = Debug|Any CPU
		{E9A57AE0-D365-4B0D-AB98-CD18B2942A0A}.Release|Any CPU.ActiveCfg = Release|Any CPU
		{E9A57AE0-D365-4B0D-AB98-CD18B2942A0A}.Release|Any CPU.Build.0 = Release|Any CPU
		{D83D7DA6-01C9-4789-AD7B-7C53C88616FE}.Debug|Any CPU.ActiveCfg = Debug|Any CPU
		{D83D7DA6-01C9-4789-AD7B-7C53C88616FE}.Debug|Any CPU.Build.0 = Debug|Any CPU
		{D83D7DA6-01C9-4789-AD7B-7C53C88616FE}.Release|Any CPU.ActiveCfg = Release|Any CPU
		{D83D7DA6-01C9-4789-AD7B-7C53C88616FE}.Release|Any CPU.Build.0 = Release|Any CPU
	EndGlobalSection
	GlobalSection(SolutionProperties) = preSolution
		HideSolutionNode = FALSE
	EndGlobalSection
	GlobalSection(ExtensibilityGlobals) = postSolution
		SolutionGuid = {06FBD681-CEB3-407A-B716-CBB46C1E53A1}
	EndGlobalSection
EndGlobal
